{
  "requires": true,
  "lockfileVersion": 1,
  "dependencies": {
    "@material/mwc-base": {
      "version": "0.1.2",
      "resolved": "https://registry.npmjs.org/@material/mwc-base/-/mwc-base-0.1.2.tgz",
      "integrity": "sha512-z0Ms93nFzPZfOwvUoyq+OCjwjTyq/cF8KB6MF8ZN7uXNr07ik9+rlkdEedJpybzqUmJKEUHO1OmGz96dSFIZ0g==",
      "requires": {
        "@polymer/lit-element": "0.5.2"
      }
    },
    "@material/mwc-icon": {
      "version": "0.1.2",
      "resolved": "https://registry.npmjs.org/@material/mwc-icon/-/mwc-icon-0.1.2.tgz",
      "integrity": "sha512-j8wRCGlKhggi1en/xxZSsLBVrsrGuL31ARhzN3PCIcBvYIr669RPVdBYMemqxBbuDobKRnLWhmZq5Uui07zm2Q==",
      "requires": {
        "@material/mwc-base": "0.1.2",
        "@polymer/lit-element": "0.5.2"
      }
    },
    "@polymer/lit-element": {
      "version": "0.5.2",
      "resolved": "https://registry.npmjs.org/@polymer/lit-element/-/lit-element-0.5.2.tgz",
      "integrity": "sha512-7v/UlqVO05YuFCxxtC7jpuMQuDiPxArO7gACHqZ3uFd9/BM9YTdktX3bKRTnKTFUaPuNWWoPGvpAe2WOQCH2Pw==",
      "requires": {
        "@polymer/polymer": "3.0.5",
        "lit-html": "0.10.2"
      }
    },
    "@polymer/polymer": {
      "version": "3.0.5",
      "resolved": "https://registry.npmjs.org/@polymer/polymer/-/polymer-3.0.5.tgz",
      "integrity": "sha512-Zbmhtr5vZ3NoHWwFYLKI4ff7yfE6DZopI8vaS7HvmUIuNqsv/EpEDXfNEYjqePQmkMX5LU9OIKV1eX/+9aveow==",
      "requires": {
        "@webcomponents/shadycss": "1.4.0"
      }
    },
    "@webcomponents/shadycss": {
      "version": "1.4.0",
      "resolved": "https://registry.npmjs.org/@webcomponents/shadycss/-/shadycss-1.4.0.tgz",
      "integrity": "sha512-/OK+M06S9YbnTXAHm1QtHhONo0msBej/V84x3ZpSV+sJa1jp/FfOv0mW0IWdluU94QlVrPnJxK2t+Czggfivig=="
    },
    "lit-html": {
      "version": "0.10.2",
      "resolved": "https://registry.npmjs.org/lit-html/-/lit-html-0.10.2.tgz",
      "integrity": "sha512-ue0pIX3Fj5gUsNSozdRQIb1MAgNqFQsHgvHE/FU34xyu9NN/af3EISr7Bb+vP9YeLXIA4vLLOoYp2Z22dVYhww=="
    },
    "typed.js": {
      "version": "2.0.9",
      "resolved": "https://registry.npmjs.org/typed.js/-/typed.js-2.0.9.tgz",
      "integrity": "sha512-RTv7MvbsJ0ajz3PW/o325kXo0+gZAGW9xoZQ9eXrdvTg9prvH5JgAVeAITYuh7OoGStl1yuJgcR07IO10l3Q3g=="
    },
    "wired-button": {
      "version": "0.7.0",
      "resolved": "https://registry.npmjs.org/wired-button/-/wired-button-0.7.0.tgz",
      "integrity": "sha512-kfamGG2Xi6wPTV75kwy2UMa76cObxIf9CiX10xwMnNd6Mpxbn69e+iahrpEeRoL+N9/scECt+xFRnFDwzEzzmA==",
      "requires": {
        "@polymer/lit-element": "0.5.2",
        "wired-lib": "0.6.0"
      }
    },
    "wired-card": {
      "version": "0.6.5",
      "resolved": "https://registry.npmjs.org/wired-card/-/wired-card-0.6.5.tgz",
      "integrity": "sha512-xuBG1vgZ8OeJ6KidAgIpbPqe7ZyWRjHERoknasmUPP13W6Wy391GU7SgqAODqNHVMMUycgJZ870QZ6V53TGUKg==",
      "requires": {
        "@polymer/lit-element": "0.5.2",
        "wired-lib": "0.6.0"
      }
    },
    "wired-checkbox": {
      "version": "0.7.0",
      "resolved": "https://registry.npmjs.org/wired-checkbox/-/wired-checkbox-0.7.0.tgz",
      "integrity": "sha512-HRh9+qvt02fyAxKXZ1zBwXF53bzhVHUxbc/7fogtbnXMKz+xR45BazU9Avq1NIDsDT9hfqFHopkmpRJ8EuixSg==",
      "requires": {
        "@polymer/lit-element": "0.5.2",
        "wired-lib": "0.6.0"
      }
    },
    "wired-combo": {
      "version": "0.7.1",
      "resolved": "https://registry.npmjs.org/wired-combo/-/wired-combo-0.7.1.tgz",
      "integrity": "sha512-JicQ4obXzNQ/e4WYmaxAay56TW4Mmlk6W4z6vmIsb/W56yl2HxVO1TBT6lsnkLgX1ukwPHCKDqfsAION5iW6xw==",
      "requires": {
        "@polymer/lit-element": "0.5.2",
        "wired-card": "0.6.5",
        "wired-item": "0.6.5",
        "wired-lib": "0.6.0"
      }
    },
    "wired-elements": {
      "version": "0.7.2",
      "resolved": "https://registry.npmjs.org/wired-elements/-/wired-elements-0.7.2.tgz",
      "integrity": "sha512-vkOJ9wAv3EC3wMKG6T4aB+LFL1eZHNmjmP90lhXuubrfnbJBCiySgh+3xPTfoLW7qCvZ+grFObXhXmzIBJT0Fw==",
      "requires": {
        "wired-button": "0.7.0",
        "wired-card": "0.6.5",
        "wired-checkbox": "0.7.0",
        "wired-combo": "0.7.1",
        "wired-icon-button": "0.7.0",
        "wired-input": "0.6.6",
        "wired-item": "0.6.5",
        "wired-lib": "0.6.0",
        "wired-listbox": "0.7.2",
        "wired-progress": "0.6.5",
        "wired-radio": "0.7.0",
        "wired-radio-group": "0.7.1",
        "wired-slider": "0.7.0",
        "wired-textarea": "0.6.5",
        "wired-toggle": "0.7.0",
        "wired-tooltip": "0.6.5"
      }
    },
    "wired-icon-button": {
      "version": "0.7.0",
      "resolved": "https://registry.npmjs.org/wired-icon-button/-/wired-icon-button-0.7.0.tgz",
      "integrity": "sha512-7HXsKGn7xD/mROoIycJK1+gTM/0KdGGxrNrHJY61+IAo3ur5HZpEfDtM1YI/EuYB0jrnXmpeKd6p8Z9ShvYrNw==",
      "requires": {
        "@material/mwc-icon": "0.1.2",
        "@polymer/lit-element": "0.5.2",
        "wired-lib": "0.6.0"
      }
    },
    "wired-input": {
      "version": "0.6.6",
      "resolved": "https://registry.npmjs.org/wired-input/-/wired-input-0.6.6.tgz",
      "integrity": "sha512-0Gjll5qbdiwSE+jOfIkP6WJkYt/scMrGdUsLnTnBnzDJrQdW8EvcGwvSACoGqHporU7PG1Q4ZJl3sqGquFLfWA==",
      "requires": {
        "@polymer/lit-element": "0.5.2",
        "wired-lib": "0.6.0"
      }
    },
    "wired-item": {
      "version": "0.6.5",
      "resolved": "https://registry.npmjs.org/wired-item/-/wired-item-0.6.5.tgz",
      "integrity": "sha512-nlnTfaXlycfcBX/VlcQmdwz3XOYRJzdkOw/XpwZ2JSkh0nw9i36L+MtH+nkqlJ2BrtsEfi0k4nwDY9cKuE9oaw==",
      "requires": {
        "@polymer/lit-element": "0.5.2"
      }
    },
    "wired-lib": {
      "version": "0.6.0",
      "resolved": "https://registry.npmjs.org/wired-lib/-/wired-lib-0.6.0.tgz",
      "integrity": "sha512-a/fT6JtAlu5Yr24YdCcyL7P/YkszuZ89Rp8zCL6GpTc1E3DGcAOkFXx01mkaAQ4Is9kRTaLgn5B/RkfRpRQ2Og=="
    },
    "wired-listbox": {
      "version": "0.7.2",
      "resolved": "https://registry.npmjs.org/wired-listbox/-/wired-listbox-0.7.2.tgz",
      "integrity": "sha512-UGg5j24Qq1AHsw4RfmWz1MVIeSgUgOhXDOeesov9f1SVx5uLFK6cWP8ONatVIqReLM7cITFBfUzgWyDqH/nOhQ==",
      "requires": {
        "@polymer/lit-element": "0.5.2",
        "wired-item": "0.6.5",
        "wired-lib": "0.6.0"
      }
    },
    "wired-progress": {
      "version": "0.6.5",
      "resolved": "https://registry.npmjs.org/wired-progress/-/wired-progress-0.6.5.tgz",
      "integrity": "sha512-mQVSeQ+W7EmCLh1uCSah5Gbji9Nzk+BWHO58esJqrqwigbfJ8Tf+xNgk6vfmARSk4rANB/pr0wEGENn1Eg/GAg==",
      "requires": {
        "@polymer/lit-element": "0.5.2",
        "wired-lib": "0.6.0"
      }
    },
    "wired-radio": {
      "version": "0.7.0",
      "resolved": "https://registry.npmjs.org/wired-radio/-/wired-radio-0.7.0.tgz",
      "integrity": "sha512-chv9f3oPHO9AlLx4V3kgK1P6CLpX8cnZ1Z9FiRwyxXvgreRuj6MIULswQSb4hGqXt3CAeqUltlPX7cbBdQlKCA==",
      "requires": {
        "@polymer/lit-element": "0.5.2",
        "wired-lib": "0.6.0"
      }
    },
    "wired-radio-group": {
      "version": "0.7.1",
      "resolved": "https://registry.npmjs.org/wired-radio-group/-/wired-radio-group-0.7.1.tgz",
      "integrity": "sha512-5vhHkktWCHML4eXO3ChPGDgM/kQS9o5XZORqW3bitRE82oFLE8J9wifkVk8f6ui9TO2AVZ8xGyPZbIr8IJfxdA==",
      "requires": {
        "@polymer/lit-element": "0.5.2",
        "wired-lib": "0.6.0"
      }
    },
    "wired-slider": {
      "version": "0.7.0",
      "resolved": "https://registry.npmjs.org/wired-slider/-/wired-slider-0.7.0.tgz",
      "integrity": "sha512-KlSEwkMFmoLMiaJidafxp39rondceXocakKHbfxVjJdqHbv24WrOjZFTdirruTzpELwDoV37KZwA9atX5qB+NQ==",
      "requires": {
        "@polymer/lit-element": "0.5.2",
        "@polymer/polymer": "3.0.5",
        "wired-lib": "0.6.0"
      }
    },
    "wired-textarea": {
      "version": "0.6.5",
      "resolved": "https://registry.npmjs.org/wired-textarea/-/wired-textarea-0.6.5.tgz",
      "integrity": "sha512-YLtTixrMJ1JTe7n4L00455F0A3A7cTjB3NvyTEQkhkx+k9yt6eMG1Pw5r6z/qmKMb5VwYdBYXQloR3Pl7CdDCw==",
      "requires": {
        "@polymer/lit-element": "0.5.2",
        "wired-lib": "0.6.0"
      }
    },
    "wired-toggle": {
      "version": "0.7.0",
      "resolved": "https://registry.npmjs.org/wired-toggle/-/wired-toggle-0.7.0.tgz",
      "integrity": "sha512-wrh9RC+D+nkNFSFxNk5StI+Uz8sRKUpEDoMAISMSvcjuQXjlZQpV9XYiWYRkxL8NTvH8UH0tSPlEgaV/JhcQ/g==",
      "requires": {
        "@polymer/lit-element": "0.5.2",
        "wired-lib": "0.6.0"
      }
    },
    "wired-tooltip": {
      "version": "0.6.5",
      "resolved": "https://registry.npmjs.org/wired-tooltip/-/wired-tooltip-0.6.5.tgz",
      "integrity": "sha512-/m+X+ymSNzbrIsiRdmEVLzuKZr/ufr1mVL1dFoDSWSxVNtm20AOj9mzuHGI+K5njaNnNXZu6JSOr4rSxYq7TBA==",
      "requires": {
        "@polymer/lit-element": "0.5.2",
        "wired-lib": "0.6.0"
      }
    }
  }
}
